
Microsoft Visual Studio Solution File, Format Version 12.00
# Visual Studio Version 17
VisualStudioVersion = 17.12.35527.113 d17.12
MinimumVisualStudioVersion = 10.0.40219.1
Project("{FAE04EC0-301F-11D3-BF4B-00C04F79EFBC}") = "Company.Session3.PL", "Company.Session3.PL\Company.Session3.PL.csproj", "{3C879A73-5B58-4600-BD7F-C57FA18CD17B}"
EndProject
Project("{FAE04EC0-301F-11D3-BF4B-00C04F79EFBC}") = "Company.Session3.DAL", "Company.Session3.DAL\Company.Session3.DAL.csproj", "{C63FFFF7-10DD-423A-89DE-DC0A2B94DFBB}"
EndProject
Project("{FAE04EC0-301F-11D3-BF4B-00C04F79EFBC}") = "Company.Session3.BLL", "Company.Session3.BLL\Company.Session3.BLL.csproj", "{5C32F6C3-AECE-48FF-B625-AAAFC690D81B}"
EndProject
Global
	GlobalSection(SolutionConfigurationPlatforms) = preSolution
		Debug|Any CPU = Debug|Any CPU
		Release|Any CPU = Release|Any CPU
	EndGlobalSection
	GlobalSection(ProjectConfigurationPlatforms) = postSolution
		{3C879A73-5B58-4600-BD7F-C57FA18CD17B}.Debug|Any CPU.ActiveCfg = Debug|Any CPU
		{3C879A73-5B58-4600-BD7F-C57FA18CD17B}.Debug|Any CPU.Build.0 = Debug|Any CPU
		{3C879A73-5B58-4600-BD7F-C57FA18CD17B}.Release|Any CPU.ActiveCfg = Release|Any CPU
		{3C879A73-5B58-4600-BD7F-C57FA18CD17B}.Release|Any CPU.Build.0 = Release|Any CPU
		{C63FFFF7-10DD-423A-89DE-DC0A2B94DFBB}.Debug|Any CPU.ActiveCfg = Debug|Any CPU
		{C63FFFF7-10DD-423A-89DE-DC0A2B94DFBB}.Debug|Any CPU.Build.0 = Debug|Any CPU
		{C63FFFF7-10DD-423A-89DE-DC0A2B94DFBB}.Release|Any CPU.ActiveCfg = Release|Any CPU
		{C63FFFF7-10DD-423A-89DE-DC0A2B94DFBB}.Release|Any CPU.Build.0 = Release|Any CPU
		{5C32F6C3-AECE-48FF-B625-AAAFC690D81B}.Debug|Any CPU.ActiveCfg = Debug|Any CPU
		{5C32F6C3-AECE-48FF-B625-AAAFC690D81B}.Debug|Any CPU.Build.0 = Debug|Any CPU
		{5C32F6C3-AECE-48FF-B625-AAAFC690D81B}.Release|Any CPU.ActiveCfg = Release|Any CPU
		{5C32F6C3-AECE-48FF-B625-AAAFC690D81B}.Release|Any CPU.Build.0 = Release|Any CPU
	EndGlobalSection
	GlobalSection(SolutionProperties) = preSolution
		HideSolutionNode = FALSE
	EndGlobalSection
EndGlobal
